
Microsoft Visual Studio Solution File, Format Version 12.00
# Visual Studio 15
Project("{FAE04EC0-301F-11D3-BF4B-00C04F79EFBC}") = "tvshows.Android", "tvshows.Android\tvshows.Android.csproj", "{C7E5D03B-0C39-4312-ADB0-AE9B0E7AAE2E}"
EndProject
Project("{FAE04EC0-301F-11D3-BF4B-00C04F79EFBC}") = "tvshows.iOS", "tvshows.iOS\tvshows.iOS.csproj", "{9DCB0F62-2542-4D77-9BC0-BD37B8F835C5}"
EndProject
Project("{FAE04EC0-301F-11D3-BF4B-00C04F79EFBC}") = "tvshows", "tvshows\tvshows.csproj", "{8631E997-BEAF-4F51-8CFF-D3F2DE4EEE56}"
EndProject
Global
	GlobalSection(SolutionConfigurationPlatforms) = preSolution
		Debug|Any CPU = Debug|Any CPU
		Release|Any CPU = Release|Any CPU
		Debug|iPhoneSimulator = Debug|iPhoneSimulator
		Release|iPhoneSimulator = Release|iPhoneSimulator
		Debug|iPhone = Debug|iPhone
		Release|iPhone = Release|iPhone
	EndGlobalSection
	GlobalSection(ProjectConfigurationPlatforms) = postSolution
		{C7E5D03B-0C39-4312-ADB0-AE9B0E7AAE2E}.Debug|Any CPU.ActiveCfg = Debug|Any CPU
		{C7E5D03B-0C39-4312-ADB0-AE9B0E7AAE2E}.Debug|Any CPU.Build.0 = Debug|Any CPU
		{C7E5D03B-0C39-4312-ADB0-AE9B0E7AAE2E}.Release|Any CPU.ActiveCfg = Release|Any CPU
		{C7E5D03B-0C39-4312-ADB0-AE9B0E7AAE2E}.Release|Any CPU.Build.0 = Release|Any CPU
		{C7E5D03B-0C39-4312-ADB0-AE9B0E7AAE2E}.Debug|iPhoneSimulator.ActiveCfg = Debug|Any CPU
		{C7E5D03B-0C39-4312-ADB0-AE9B0E7AAE2E}.Debug|iPhoneSimulator.Build.0 = Debug|Any CPU
		{C7E5D03B-0C39-4312-ADB0-AE9B0E7AAE2E}.Release|iPhoneSimulator.ActiveCfg = Release|Any CPU
		{C7E5D03B-0C39-4312-ADB0-AE9B0E7AAE2E}.Release|iPhoneSimulator.Build.0 = Release|Any CPU
		{C7E5D03B-0C39-4312-ADB0-AE9B0E7AAE2E}.Debug|iPhone.ActiveCfg = Debug|Any CPU
		{C7E5D03B-0C39-4312-ADB0-AE9B0E7AAE2E}.Debug|iPhone.Build.0 = Debug|Any CPU
		{C7E5D03B-0C39-4312-ADB0-AE9B0E7AAE2E}.Release|iPhone.ActiveCfg = Release|Any CPU
		{C7E5D03B-0C39-4312-ADB0-AE9B0E7AAE2E}.Release|iPhone.Build.0 = Release|Any CPU
		{9DCB0F62-2542-4D77-9BC0-BD37B8F835C5}.Debug|Any CPU.ActiveCfg = Debug|iPhoneSimulator
		{9DCB0F62-2542-4D77-9BC0-BD37B8F835C5}.Debug|Any CPU.Build.0 = Debug|iPhoneSimulator
		{9DCB0F62-2542-4D77-9BC0-BD37B8F835C5}.Release|Any CPU.ActiveCfg = Release|iPhoneSimulator
		{9DCB0F62-2542-4D77-9BC0-BD37B8F835C5}.Release|Any CPU.Build.0 = Release|iPhoneSimulator
		{9DCB0F62-2542-4D77-9BC0-BD37B8F835C5}.Debug|iPhoneSimulator.ActiveCfg = Debug|iPhoneSimulator
		{9DCB0F62-2542-4D77-9BC0-BD37B8F835C5}.Debug|iPhoneSimulator.Build.0 = Debug|iPhoneSimulator
		{9DCB0F62-2542-4D77-9BC0-BD37B8F835C5}.Release|iPhoneSimulator.ActiveCfg = Release|iPhoneSimulator
		{9DCB0F62-2542-4D77-9BC0-BD37B8F835C5}.Release|iPhoneSimulator.Build.0 = Release|iPhoneSimulator
		{9DCB0F62-2542-4D77-9BC0-BD37B8F835C5}.Debug|iPhone.ActiveCfg = Debug|iPhone
		{9DCB0F62-2542-4D77-9BC0-BD37B8F835C5}.Debug|iPhone.Build.0 = Debug|iPhone
		{9DCB0F62-2542-4D77-9BC0-BD37B8F835C5}.Release|iPhone.ActiveCfg = Release|iPhone
		{9DCB0F62-2542-4D77-9BC0-BD37B8F835C5}.Release|iPhone.Build.0 = Release|iPhone
		{8631E997-BEAF-4F51-8CFF-D3F2DE4EEE56}.Debug|Any CPU.ActiveCfg = Debug|Any CPU
		{8631E997-BEAF-4F51-8CFF-D3F2DE4EEE56}.Debug|Any CPU.Build.0 = Debug|Any CPU
		{8631E997-BEAF-4F51-8CFF-D3F2DE4EEE56}.Release|Any CPU.ActiveCfg = Release|Any CPU
		{8631E997-BEAF-4F51-8CFF-D3F2DE4EEE56}.Release|Any CPU.Build.0 = Release|Any CPU
		{8631E997-BEAF-4F51-8CFF-D3F2DE4EEE56}.Debug|iPhoneSimulator.ActiveCfg = Debug|Any CPU
		{8631E997-BEAF-4F51-8CFF-D3F2DE4EEE56}.Debug|iPhoneSimulator.Build.0 = Debug|Any CPU
		{8631E997-BEAF-4F51-8CFF-D3F2DE4EEE56}.Release|iPhoneSimulator.ActiveCfg = Release|Any CPU
		{8631E997-BEAF-4F51-8CFF-D3F2DE4EEE56}.Release|iPhoneSimulator.Build.0 = Release|Any CPU
		{8631E997-BEAF-4F51-8CFF-D3F2DE4EEE56}.Debug|iPhone.ActiveCfg = Debug|Any CPU
		{8631E997-BEAF-4F51-8CFF-D3F2DE4EEE56}.Debug|iPhone.Build.0 = Debug|Any CPU
		{8631E997-BEAF-4F51-8CFF-D3F2DE4EEE56}.Release|iPhone.ActiveCfg = Release|Any CPU
		{8631E997-BEAF-4F51-8CFF-D3F2DE4EEE56}.Release|iPhone.Build.0 = Release|Any CPU
	EndGlobalSection
EndGlobal
